{
  "originHash" : "05752861e218ab1c037b5c84f48c65c1a42f3aca621057fe685522646db544f2",
  "pins" : [
    {
      "identity" : "swift-argument-parser",
      "kind" : "remoteSourceControl",
      "location" : "https://github.com/apple/swift-argument-parser",
      "state" : {
        "revision" : "cdd0ef3755280949551dc26dee5de9ddeda89f54",
        "version" : "1.6.2"
      }
    },
    {
      "identity" : "swift-mcp-core",
      "kind" : "remoteSourceControl",
      "location" : "https://github.com/mihaelamj/swift-mcp-core.git",
      "state" : {
        "revision" : "2fe1d78ca47cbc60698e724eeaafe85c341b6fc7",
        "version" : "0.1.0"
      }
    },
    {
      "identity" : "swift-syntax",
      "kind" : "remoteSourceControl",
      "location" : "https://github.com/swiftlang/swift-syntax",
      "state" : {
        "revision" : "0687f71944021d616d34d922343dcef086855920",
        "version" : "600.0.1"
      }
    }
  ],
  "version" : 3
}
