{
  "originHash" : "34c7791db1880930da5d6876f1f77b74b5ee6ab72e23939630bb31e7891c4b6f",
  "pins" : [
    {
      "identity" : "swift-argument-parser",
      "kind" : "remoteSourceControl",
      "location" : "https://github.com/apple/swift-argument-parser",
      "state" : {
        "revision" : "cdd0ef3755280949551dc26dee5de9ddeda89f54",
        "version" : "1.6.2"
      }
    },
    {
      "identity" : "swift-syntax",
      "kind" : "remoteSourceControl",
      "location" : "https://github.com/swiftlang/swift-syntax",
      "state" : {
        "revision" : "0687f71944021d616d34d922343dcef086855920",
        "version" : "600.0.1"
      }
    },
    {
      "identity" : "swiftmcpclient",
      "kind" : "remoteSourceControl",
      "location" : "https://github.com/mihaelamj/SwiftMCPClient.git",
      "state" : {
        "revision" : "d049156ded908b5c30abd771c7e92cbd6f461a11",
        "version" : "0.1.0"
      }
    },
    {
      "identity" : "swiftmcpcore",
      "kind" : "remoteSourceControl",
      "location" : "https://github.com/mihaelamj/SwiftMCPCore.git",
      "state" : {
        "revision" : "12e02eb7fd3c484f366c7389e5530c8185bf2b77",
        "version" : "0.1.0"
      }
    }
  ],
  "version" : 3
}
