{
  "originHash" : "c1198ea989f0d3af5139e775041fe57d3951ac89c77ad778d5117d2c49a5f937",
  "pins" : [
    {
      "identity" : "cupertinodataengine",
      "kind" : "remoteSourceControl",
      "location" : "https://github.com/mihaelamj/CupertinoDataEngine.git",
      "state" : {
        "branch" : "feat/catalog-browsing-samples-packages",
        "revision" : "cb1948cfafc2569b2f3a9ae7a940fdae75afdc2d"
      }
    },
    {
      "identity" : "cupertinodatakit",
      "kind" : "remoteSourceControl",
      "location" : "https://github.com/mihaelamj/CupertinoDataKit.git",
      "state" : {
        "revision" : "8cf995507467d353387e506005f962b606eea207",
        "version" : "0.3.0"
      }
    },
    {
      "identity" : "swift-argument-parser",
      "kind" : "remoteSourceControl",
      "location" : "https://github.com/apple/swift-argument-parser",
      "state" : {
        "revision" : "cdd0ef3755280949551dc26dee5de9ddeda89f54",
        "version" : "1.6.2"
      }
    },
    {
      "identity" : "swift-syntax",
      "kind" : "remoteSourceControl",
      "location" : "https://github.com/swiftlang/swift-syntax",
      "state" : {
        "revision" : "0687f71944021d616d34d922343dcef086855920",
        "version" : "600.0.1"
      }
    },
    {
      "identity" : "swiftmcpclient",
      "kind" : "remoteSourceControl",
      "location" : "https://github.com/mihaelamj/SwiftMCPClient.git",
      "state" : {
        "revision" : "d049156ded908b5c30abd771c7e92cbd6f461a11",
        "version" : "0.1.0"
      }
    },
    {
      "identity" : "swiftmcpcore",
      "kind" : "remoteSourceControl",
      "location" : "https://github.com/mihaelamj/SwiftMCPCore.git",
      "state" : {
        "revision" : "12e02eb7fd3c484f366c7389e5530c8185bf2b77",
        "version" : "0.1.0"
      }
    },
    {
      "identity" : "swiftmcpserver",
      "kind" : "remoteSourceControl",
      "location" : "https://github.com/mihaelamj/SwiftMCPServer.git",
      "state" : {
        "revision" : "bd13e4932c14066c2462ec8947237ec54e29af8d",
        "version" : "0.1.0"
      }
    }
  ],
  "version" : 3
}
